<Solution>
  <Project Path="Ejercicio1/Ejercicio1.csproj" Id="ade261f8-ef8b-4503-9a2f-a93bbcd60660" />
  <Project Path="Ejercicio3/Ejercicio3.csproj" Id="e242f705-644c-4548-8dc5-7742907e6183" />
  <Project Path="EJercicio4/EJercicio4.csproj" Id="a2921404-4bf9-4e9b-9cf7-4429e1b2fc7f" />
  <Project Path="ejrcicio2/ejrcicio2.csproj" Id="931551bb-1fe9-49d4-b994-d7d2c0379f5c" />
</Solution>
